
Microsoft Visual Studio Solution File, Format Version 12.00
# Visual Studio Version 17
VisualStudioVersion = 17.14.36623.8 d17.14
MinimumVisualStudioVersion = 10.0.40219.1
Project("{FAE04EC0-301F-11D3-BF4B-00C04F79EFBC}") = "exercise4", "exercise4.csproj", "{22D3C4D5-F4E8-4480-867F-924ADA0FA545}"
EndProject
Global
	GlobalSection(SolutionConfigurationPlatforms) = preSolution
		Debug|Any CPU = Debug|Any CPU
		Release|Any CPU = Release|Any CPU
	EndGlobalSection
	GlobalSection(ProjectConfigurationPlatforms) = postSolution
		{22D3C4D5-F4E8-4480-867F-924ADA0FA545}.Debug|Any CPU.ActiveCfg = Debug|Any CPU
		{22D3C4D5-F4E8-4480-867F-924ADA0FA545}.Debug|Any CPU.Build.0 = Debug|Any CPU
		{22D3C4D5-F4E8-4480-867F-924ADA0FA545}.Release|Any CPU.ActiveCfg = Release|Any CPU
		{22D3C4D5-F4E8-4480-867F-924ADA0FA545}.Release|Any CPU.Build.0 = Release|Any CPU
	EndGlobalSection
	GlobalSection(SolutionProperties) = preSolution
		HideSolutionNode = FALSE
	EndGlobalSection
	GlobalSection(ExtensibilityGlobals) = postSolution
		SolutionGuid = {48792DC2-97DF-4CC0-919A-641B4FAB38C8}
	EndGlobalSection
EndGlobal
