
Microsoft Visual Studio Solution File, Format Version 12.00
# Visual Studio Version 17
VisualStudioVersion = 17.14.36623.8 d17.14
MinimumVisualStudioVersion = 10.0.40219.1
Project("{FAE04EC0-301F-11D3-BF4B-00C04F79EFBC}") = "exercise3", "exercise3\exercise3.csproj", "{7D05D794-1A7B-4484-9C4C-F306FFDDB01E}"
EndProject
Global
	GlobalSection(SolutionConfigurationPlatforms) = preSolution
		Debug|Any CPU = Debug|Any CPU
		Release|Any CPU = Release|Any CPU
	EndGlobalSection
	GlobalSection(ProjectConfigurationPlatforms) = postSolution
		{7D05D794-1A7B-4484-9C4C-F306FFDDB01E}.Debug|Any CPU.ActiveCfg = Debug|Any CPU
		{7D05D794-1A7B-4484-9C4C-F306FFDDB01E}.Debug|Any CPU.Build.0 = Debug|Any CPU
		{7D05D794-1A7B-4484-9C4C-F306FFDDB01E}.Release|Any CPU.ActiveCfg = Release|Any CPU
		{7D05D794-1A7B-4484-9C4C-F306FFDDB01E}.Release|Any CPU.Build.0 = Release|Any CPU
	EndGlobalSection
	GlobalSection(SolutionProperties) = preSolution
		HideSolutionNode = FALSE
	EndGlobalSection
	GlobalSection(ExtensibilityGlobals) = postSolution
		SolutionGuid = {55637815-9A4F-43D1-885F-26BAE9DEB431}
	EndGlobalSection
EndGlobal
