
Microsoft Visual Studio Solution File, Format Version 12.00
# Visual Studio Version 17
VisualStudioVersion = 17.14.36623.8 d17.14
MinimumVisualStudioVersion = 10.0.40219.1
Project("{FAE04EC0-301F-11D3-BF4B-00C04F79EFBC}") = "exercise5", "exercise5\exercise5.csproj", "{6E88EDB0-AF22-4702-BEF1-87DFAAFB925B}"
EndProject
Global
	GlobalSection(SolutionConfigurationPlatforms) = preSolution
		Debug|Any CPU = Debug|Any CPU
		Release|Any CPU = Release|Any CPU
	EndGlobalSection
	GlobalSection(ProjectConfigurationPlatforms) = postSolution
		{6E88EDB0-AF22-4702-BEF1-87DFAAFB925B}.Debug|Any CPU.ActiveCfg = Debug|Any CPU
		{6E88EDB0-AF22-4702-BEF1-87DFAAFB925B}.Debug|Any CPU.Build.0 = Debug|Any CPU
		{6E88EDB0-AF22-4702-BEF1-87DFAAFB925B}.Release|Any CPU.ActiveCfg = Release|Any CPU
		{6E88EDB0-AF22-4702-BEF1-87DFAAFB925B}.Release|Any CPU.Build.0 = Release|Any CPU
	EndGlobalSection
	GlobalSection(SolutionProperties) = preSolution
		HideSolutionNode = FALSE
	EndGlobalSection
	GlobalSection(ExtensibilityGlobals) = postSolution
		SolutionGuid = {429F612F-87A0-4A91-8BA6-91E06FA6E28D}
	EndGlobalSection
EndGlobal
